
Microsoft Visual Studio Solution File, Format Version 12.00
# Visual Studio 15
VisualStudioVersion = 15.0.27130.2010
MinimumVisualStudioVersion = 10.0.40219.1
Project("{FAE04EC0-301F-11D3-BF4B-00C04F79EFBC}") = "HotelManagement", "HotelManagement\HotelManagement.csproj", "{9C763340-F8D8-41B3-BA88-CA50A56A2D33}"
EndProject
Project("{FAE04EC0-301F-11D3-BF4B-00C04F79EFBC}") = "HotelManagement.Models.Tests", "HotelManagement.Models.Tests\HotelManagement.Models.Tests.csproj", "{295E6F7A-56ED-42F6-B140-9E97786B0D1B}"
EndProject
Project("{FAE04EC0-301F-11D3-BF4B-00C04F79EFBC}") = "HotelManagement.DAL", "HotelManagement.DAL\HotelManagement.DAL.csproj", "{5022C902-6373-4EDA-9E92-FA96AA999F88}"
EndProject
Project("{FAE04EC0-301F-11D3-BF4B-00C04F79EFBC}") = "HotelManagement.Entities", "HotelManagement.Entities\HotelManagement.Entities.csproj", "{DBBAB203-3067-48F5-9F39-B02A55021882}"
EndProject
Project("{FAE04EC0-301F-11D3-BF4B-00C04F79EFBC}") = "HotelManagement.Booking", "HotelManagement.Booking\HotelManagement.Booking.csproj", "{529AE2C4-8717-4634-B0F0-9E33500C310E}"
EndProject
Project("{FAE04EC0-301F-11D3-BF4B-00C04F79EFBC}") = "HotelManagement.UWP", "HotelManagement.UWP\HotelManagement.UWP.csproj", "{01AF8E75-E998-4722-82D8-0EE85AC23128}"
EndProject
Project("{FAE04EC0-301F-11D3-BF4B-00C04F79EFBC}") = "HotelManagement.UWP.Entities", "HotelManagement.UWP.Entities\HotelManagement.UWP.Entities.csproj", "{CA5A4536-B64B-4DE0-BD96-C7ED645D71D9}"
EndProject
Project("{FAE04EC0-301F-11D3-BF4B-00C04F79EFBC}") = "HotelManagement.UWP.DAL", "HotelManagement.UWP.DAL\HotelManagement.UWP.DAL.csproj", "{4329C878-CC33-468B-8842-8D0344574EDD}"
EndProject
Project("{FAE04EC0-301F-11D3-BF4B-00C04F79EFBC}") = "HotelManagement.Models", "HotelManagement.Models\HotelManagement.Models.csproj", "{F1DA391F-8D0C-49BF-8D6F-9A05B53C2DC8}"
EndProject
Global
	GlobalSection(SolutionConfigurationPlatforms) = preSolution
		Debug|Any CPU = Debug|Any CPU
		Debug|ARM = Debug|ARM
		Debug|x64 = Debug|x64
		Debug|x86 = Debug|x86
		Release|Any CPU = Release|Any CPU
		Release|ARM = Release|ARM
		Release|x64 = Release|x64
		Release|x86 = Release|x86
	EndGlobalSection
	GlobalSection(ProjectConfigurationPlatforms) = postSolution
		{9C763340-F8D8-41B3-BA88-CA50A56A2D33}.Debug|Any CPU.ActiveCfg = Debug|Any CPU
		{9C763340-F8D8-41B3-BA88-CA50A56A2D33}.Debug|Any CPU.Build.0 = Debug|Any CPU
		{9C763340-F8D8-41B3-BA88-CA50A56A2D33}.Debug|ARM.ActiveCfg = Debug|Any CPU
		{9C763340-F8D8-41B3-BA88-CA50A56A2D33}.Debug|ARM.Build.0 = Debug|Any CPU
		{9C763340-F8D8-41B3-BA88-CA50A56A2D33}.Debug|x64.ActiveCfg = Debug|Any CPU
		{9C763340-F8D8-41B3-BA88-CA50A56A2D33}.Debug|x64.Build.0 = Debug|Any CPU
		{9C763340-F8D8-41B3-BA88-CA50A56A2D33}.Debug|x86.ActiveCfg = Debug|Any CPU
		{9C763340-F8D8-41B3-BA88-CA50A56A2D33}.Debug|x86.Build.0 = Debug|Any CPU
		{9C763340-F8D8-41B3-BA88-CA50A56A2D33}.Release|Any CPU.ActiveCfg = Release|Any CPU
		{9C763340-F8D8-41B3-BA88-CA50A56A2D33}.Release|Any CPU.Build.0 = Release|Any CPU
		{9C763340-F8D8-41B3-BA88-CA50A56A2D33}.Release|ARM.ActiveCfg = Release|Any CPU
		{9C763340-F8D8-41B3-BA88-CA50A56A2D33}.Release|ARM.Build.0 = Release|Any CPU
		{9C763340-F8D8-41B3-BA88-CA50A56A2D33}.Release|x64.ActiveCfg = Release|Any CPU
		{9C763340-F8D8-41B3-BA88-CA50A56A2D33}.Release|x64.Build.0 = Release|Any CPU
		{9C763340-F8D8-41B3-BA88-CA50A56A2D33}.Release|x86.ActiveCfg = Release|Any CPU
		{9C763340-F8D8-41B3-BA88-CA50A56A2D33}.Release|x86.Build.0 = Release|Any CPU
		{295E6F7A-56ED-42F6-B140-9E97786B0D1B}.Debug|Any CPU.ActiveCfg = Debug|Any CPU
		{295E6F7A-56ED-42F6-B140-9E97786B0D1B}.Debug|Any CPU.Build.0 = Debug|Any CPU
		{295E6F7A-56ED-42F6-B140-9E97786B0D1B}.Debug|ARM.ActiveCfg = Debug|Any CPU
		{295E6F7A-56ED-42F6-B140-9E97786B0D1B}.Debug|ARM.Build.0 = Debug|Any CPU
		{295E6F7A-56ED-42F6-B140-9E97786B0D1B}.Debug|x64.ActiveCfg = Debug|Any CPU
		{295E6F7A-56ED-42F6-B140-9E97786B0D1B}.Debug|x64.Build.0 = Debug|Any CPU
		{295E6F7A-56ED-42F6-B140-9E97786B0D1B}.Debug|x86.ActiveCfg = Debug|Any CPU
		{295E6F7A-56ED-42F6-B140-9E97786B0D1B}.Debug|x86.Build.0 = Debug|Any CPU
		{295E6F7A-56ED-42F6-B140-9E97786B0D1B}.Release|Any CPU.ActiveCfg = Release|Any CPU
		{295E6F7A-56ED-42F6-B140-9E97786B0D1B}.Release|Any CPU.Build.0 = Release|Any CPU
		{295E6F7A-56ED-42F6-B140-9E97786B0D1B}.Release|ARM.ActiveCfg = Release|Any CPU
		{295E6F7A-56ED-42F6-B140-9E97786B0D1B}.Release|ARM.Build.0 = Release|Any CPU
		{295E6F7A-56ED-42F6-B140-9E97786B0D1B}.Release|x64.ActiveCfg = Release|Any CPU
		{295E6F7A-56ED-42F6-B140-9E97786B0D1B}.Release|x64.Build.0 = Release|Any CPU
		{295E6F7A-56ED-42F6-B140-9E97786B0D1B}.Release|x86.ActiveCfg = Release|Any CPU
		{295E6F7A-56ED-42F6-B140-9E97786B0D1B}.Release|x86.Build.0 = Release|Any CPU
		{5022C902-6373-4EDA-9E92-FA96AA999F88}.Debug|Any CPU.ActiveCfg = Debug|Any CPU
		{5022C902-6373-4EDA-9E92-FA96AA999F88}.Debug|Any CPU.Build.0 = Debug|Any CPU
		{5022C902-6373-4EDA-9E92-FA96AA999F88}.Debug|ARM.ActiveCfg = Debug|Any CPU
		{5022C902-6373-4EDA-9E92-FA96AA999F88}.Debug|ARM.Build.0 = Debug|Any CPU
		{5022C902-6373-4EDA-9E92-FA96AA999F88}.Debug|x64.ActiveCfg = Debug|Any CPU
		{5022C902-6373-4EDA-9E92-FA96AA999F88}.Debug|x64.Build.0 = Debug|Any CPU
		{5022C902-6373-4EDA-9E92-FA96AA999F88}.Debug|x86.ActiveCfg = Debug|Any CPU
		{5022C902-6373-4EDA-9E92-FA96AA999F88}.Debug|x86.Build.0 = Debug|Any CPU
		{5022C902-6373-4EDA-9E92-FA96AA999F88}.Release|Any CPU.ActiveCfg = Release|Any CPU
		{5022C902-6373-4EDA-9E92-FA96AA999F88}.Release|Any CPU.Build.0 = Release|Any CPU
		{5022C902-6373-4EDA-9E92-FA96AA999F88}.Release|ARM.ActiveCfg = Release|Any CPU
		{5022C902-6373-4EDA-9E92-FA96AA999F88}.Release|ARM.Build.0 = Release|Any CPU
		{5022C902-6373-4EDA-9E92-FA96AA999F88}.Release|x64.ActiveCfg = Release|Any CPU
		{5022C902-6373-4EDA-9E92-FA96AA999F88}.Release|x64.Build.0 = Release|Any CPU
		{5022C902-6373-4EDA-9E92-FA96AA999F88}.Release|x86.ActiveCfg = Release|Any CPU
		{5022C902-6373-4EDA-9E92-FA96AA999F88}.Release|x86.Build.0 = Release|Any CPU
		{DBBAB203-3067-48F5-9F39-B02A55021882}.Debug|Any CPU.ActiveCfg = Debug|Any CPU
		{DBBAB203-3067-48F5-9F39-B02A55021882}.Debug|Any CPU.Build.0 = Debug|Any CPU
		{DBBAB203-3067-48F5-9F39-B02A55021882}.Debug|ARM.ActiveCfg = Debug|Any CPU
		{DBBAB203-3067-48F5-9F39-B02A55021882}.Debug|ARM.Build.0 = Debug|Any CPU
		{DBBAB203-3067-48F5-9F39-B02A55021882}.Debug|x64.ActiveCfg = Debug|Any CPU
		{DBBAB203-3067-48F5-9F39-B02A55021882}.Debug|x64.Build.0 = Debug|Any CPU
		{DBBAB203-3067-48F5-9F39-B02A55021882}.Debug|x86.ActiveCfg = Debug|Any CPU
		{DBBAB203-3067-48F5-9F39-B02A55021882}.Debug|x86.Build.0 = Debug|Any CPU
		{DBBAB203-3067-48F5-9F39-B02A55021882}.Release|Any CPU.ActiveCfg = Release|Any CPU
		{DBBAB203-3067-48F5-9F39-B02A55021882}.Release|Any CPU.Build.0 = Release|Any CPU
		{DBBAB203-3067-48F5-9F39-B02A55021882}.Release|ARM.ActiveCfg = Release|Any CPU
		{DBBAB203-3067-48F5-9F39-B02A55021882}.Release|ARM.Build.0 = Release|Any CPU
		{DBBAB203-3067-48F5-9F39-B02A55021882}.Release|x64.ActiveCfg = Release|Any CPU
		{DBBAB203-3067-48F5-9F39-B02A55021882}.Release|x64.Build.0 = Release|Any CPU
		{DBBAB203-3067-48F5-9F39-B02A55021882}.Release|x86.ActiveCfg = Release|Any CPU
		{DBBAB203-3067-48F5-9F39-B02A55021882}.Release|x86.Build.0 = Release|Any CPU
		{529AE2C4-8717-4634-B0F0-9E33500C310E}.Debug|Any CPU.ActiveCfg = Debug|Any CPU
		{529AE2C4-8717-4634-B0F0-9E33500C310E}.Debug|Any CPU.Build.0 = Debug|Any CPU
		{529AE2C4-8717-4634-B0F0-9E33500C310E}.Debug|ARM.ActiveCfg = Debug|Any CPU
		{529AE2C4-8717-4634-B0F0-9E33500C310E}.Debug|ARM.Build.0 = Debug|Any CPU
		{529AE2C4-8717-4634-B0F0-9E33500C310E}.Debug|x64.ActiveCfg = Debug|Any CPU
		{529AE2C4-8717-4634-B0F0-9E33500C310E}.Debug|x64.Build.0 = Debug|Any CPU
		{529AE2C4-8717-4634-B0F0-9E33500C310E}.Debug|x86.ActiveCfg = Debug|Any CPU
		{529AE2C4-8717-4634-B0F0-9E33500C310E}.Debug|x86.Build.0 = Debug|Any CPU
		{529AE2C4-8717-4634-B0F0-9E33500C310E}.Release|Any CPU.ActiveCfg = Release|Any CPU
		{529AE2C4-8717-4634-B0F0-9E33500C310E}.Release|Any CPU.Build.0 = Release|Any CPU
		{529AE2C4-8717-4634-B0F0-9E33500C310E}.Release|ARM.ActiveCfg = Release|Any CPU
		{529AE2C4-8717-4634-B0F0-9E33500C310E}.Release|ARM.Build.0 = Release|Any CPU
		{529AE2C4-8717-4634-B0F0-9E33500C310E}.Release|x64.ActiveCfg = Release|Any CPU
		{529AE2C4-8717-4634-B0F0-9E33500C310E}.Release|x64.Build.0 = Release|Any CPU
		{529AE2C4-8717-4634-B0F0-9E33500C310E}.Release|x86.ActiveCfg = Release|Any CPU
		{529AE2C4-8717-4634-B0F0-9E33500C310E}.Release|x86.Build.0 = Release|Any CPU
		{01AF8E75-E998-4722-82D8-0EE85AC23128}.Debug|Any CPU.ActiveCfg = Debug|x86
		{01AF8E75-E998-4722-82D8-0EE85AC23128}.Debug|Any CPU.Build.0 = Debug|x86
		{01AF8E75-E998-4722-82D8-0EE85AC23128}.Debug|Any CPU.Deploy.0 = Debug|x86
		{01AF8E75-E998-4722-82D8-0EE85AC23128}.Debug|ARM.ActiveCfg = Debug|ARM
		{01AF8E75-E998-4722-82D8-0EE85AC23128}.Debug|ARM.Build.0 = Debug|ARM
		{01AF8E75-E998-4722-82D8-0EE85AC23128}.Debug|ARM.Deploy.0 = Debug|ARM
		{01AF8E75-E998-4722-82D8-0EE85AC23128}.Debug|x64.ActiveCfg = Debug|x64
		{01AF8E75-E998-4722-82D8-0EE85AC23128}.Debug|x64.Build.0 = Debug|x64
		{01AF8E75-E998-4722-82D8-0EE85AC23128}.Debug|x64.Deploy.0 = Debug|x64
		{01AF8E75-E998-4722-82D8-0EE85AC23128}.Debug|x86.ActiveCfg = Debug|x86
		{01AF8E75-E998-4722-82D8-0EE85AC23128}.Debug|x86.Build.0 = Debug|x86
		{01AF8E75-E998-4722-82D8-0EE85AC23128}.Debug|x86.Deploy.0 = Debug|x86
		{01AF8E75-E998-4722-82D8-0EE85AC23128}.Release|Any CPU.ActiveCfg = Release|x86
		{01AF8E75-E998-4722-82D8-0EE85AC23128}.Release|ARM.ActiveCfg = Release|ARM
		{01AF8E75-E998-4722-82D8-0EE85AC23128}.Release|ARM.Build.0 = Release|ARM
		{01AF8E75-E998-4722-82D8-0EE85AC23128}.Release|ARM.Deploy.0 = Release|ARM
		{01AF8E75-E998-4722-82D8-0EE85AC23128}.Release|x64.ActiveCfg = Release|x64
		{01AF8E75-E998-4722-82D8-0EE85AC23128}.Release|x64.Build.0 = Release|x64
		{01AF8E75-E998-4722-82D8-0EE85AC23128}.Release|x64.Deploy.0 = Release|x64
		{01AF8E75-E998-4722-82D8-0EE85AC23128}.Release|x86.ActiveCfg = Release|x86
		{01AF8E75-E998-4722-82D8-0EE85AC23128}.Release|x86.Build.0 = Release|x86
		{01AF8E75-E998-4722-82D8-0EE85AC23128}.Release|x86.Deploy.0 = Release|x86
		{CA5A4536-B64B-4DE0-BD96-C7ED645D71D9}.Debug|Any CPU.ActiveCfg = Debug|Any CPU
		{CA5A4536-B64B-4DE0-BD96-C7ED645D71D9}.Debug|Any CPU.Build.0 = Debug|Any CPU
		{CA5A4536-B64B-4DE0-BD96-C7ED645D71D9}.Debug|ARM.ActiveCfg = Debug|ARM
		{CA5A4536-B64B-4DE0-BD96-C7ED645D71D9}.Debug|ARM.Build.0 = Debug|ARM
		{CA5A4536-B64B-4DE0-BD96-C7ED645D71D9}.Debug|x64.ActiveCfg = Debug|x64
		{CA5A4536-B64B-4DE0-BD96-C7ED645D71D9}.Debug|x64.Build.0 = Debug|x64
		{CA5A4536-B64B-4DE0-BD96-C7ED645D71D9}.Debug|x86.ActiveCfg = Debug|x86
		{CA5A4536-B64B-4DE0-BD96-C7ED645D71D9}.Debug|x86.Build.0 = Debug|x86
		{CA5A4536-B64B-4DE0-BD96-C7ED645D71D9}.Release|Any CPU.ActiveCfg = Release|Any CPU
		{CA5A4536-B64B-4DE0-BD96-C7ED645D71D9}.Release|Any CPU.Build.0 = Release|Any CPU
		{CA5A4536-B64B-4DE0-BD96-C7ED645D71D9}.Release|ARM.ActiveCfg = Release|ARM
		{CA5A4536-B64B-4DE0-BD96-C7ED645D71D9}.Release|ARM.Build.0 = Release|ARM
		{CA5A4536-B64B-4DE0-BD96-C7ED645D71D9}.Release|x64.ActiveCfg = Release|x64
		{CA5A4536-B64B-4DE0-BD96-C7ED645D71D9}.Release|x64.Build.0 = Release|x64
		{CA5A4536-B64B-4DE0-BD96-C7ED645D71D9}.Release|x86.ActiveCfg = Release|x86
		{CA5A4536-B64B-4DE0-BD96-C7ED645D71D9}.Release|x86.Build.0 = Release|x86
		{4329C878-CC33-468B-8842-8D0344574EDD}.Debug|Any CPU.ActiveCfg = Debug|Any CPU
		{4329C878-CC33-468B-8842-8D0344574EDD}.Debug|Any CPU.Build.0 = Debug|Any CPU
		{4329C878-CC33-468B-8842-8D0344574EDD}.Debug|ARM.ActiveCfg = Debug|ARM
		{4329C878-CC33-468B-8842-8D0344574EDD}.Debug|ARM.Build.0 = Debug|ARM
		{4329C878-CC33-468B-8842-8D0344574EDD}.Debug|x64.ActiveCfg = Debug|x64
		{4329C878-CC33-468B-8842-8D0344574EDD}.Debug|x64.Build.0 = Debug|x64
		{4329C878-CC33-468B-8842-8D0344574EDD}.Debug|x86.ActiveCfg = Debug|x86
		{4329C878-CC33-468B-8842-8D0344574EDD}.Debug|x86.Build.0 = Debug|x86
		{4329C878-CC33-468B-8842-8D0344574EDD}.Release|Any CPU.ActiveCfg = Release|Any CPU
		{4329C878-CC33-468B-8842-8D0344574EDD}.Release|Any CPU.Build.0 = Release|Any CPU
		{4329C878-CC33-468B-8842-8D0344574EDD}.Release|ARM.ActiveCfg = Release|ARM
		{4329C878-CC33-468B-8842-8D0344574EDD}.Release|ARM.Build.0 = Release|ARM
		{4329C878-CC33-468B-8842-8D0344574EDD}.Release|x64.ActiveCfg = Release|x64
		{4329C878-CC33-468B-8842-8D0344574EDD}.Release|x64.Build.0 = Release|x64
		{4329C878-CC33-468B-8842-8D0344574EDD}.Release|x86.ActiveCfg = Release|x86
		{4329C878-CC33-468B-8842-8D0344574EDD}.Release|x86.Build.0 = Release|x86
		{F1DA391F-8D0C-49BF-8D6F-9A05B53C2DC8}.Debug|Any CPU.ActiveCfg = Debug|Any CPU
		{F1DA391F-8D0C-49BF-8D6F-9A05B53C2DC8}.Debug|Any CPU.Build.0 = Debug|Any CPU
		{F1DA391F-8D0C-49BF-8D6F-9A05B53C2DC8}.Debug|ARM.ActiveCfg = Debug|Any CPU
		{F1DA391F-8D0C-49BF-8D6F-9A05B53C2DC8}.Debug|ARM.Build.0 = Debug|Any CPU
		{F1DA391F-8D0C-49BF-8D6F-9A05B53C2DC8}.Debug|x64.ActiveCfg = Debug|Any CPU
		{F1DA391F-8D0C-49BF-8D6F-9A05B53C2DC8}.Debug|x64.Build.0 = Debug|Any CPU
		{F1DA391F-8D0C-49BF-8D6F-9A05B53C2DC8}.Debug|x86.ActiveCfg = Debug|Any CPU
		{F1DA391F-8D0C-49BF-8D6F-9A05B53C2DC8}.Debug|x86.Build.0 = Debug|Any CPU
		{F1DA391F-8D0C-49BF-8D6F-9A05B53C2DC8}.Release|Any CPU.ActiveCfg = Release|Any CPU
		{F1DA391F-8D0C-49BF-8D6F-9A05B53C2DC8}.Release|Any CPU.Build.0 = Release|Any CPU
		{F1DA391F-8D0C-49BF-8D6F-9A05B53C2DC8}.Release|ARM.ActiveCfg = Release|Any CPU
		{F1DA391F-8D0C-49BF-8D6F-9A05B53C2DC8}.Release|ARM.Build.0 = Release|Any CPU
		{F1DA391F-8D0C-49BF-8D6F-9A05B53C2DC8}.Release|x64.ActiveCfg = Release|Any CPU
		{F1DA391F-8D0C-49BF-8D6F-9A05B53C2DC8}.Release|x64.Build.0 = Release|Any CPU
		{F1DA391F-8D0C-49BF-8D6F-9A05B53C2DC8}.Release|x86.ActiveCfg = Release|Any CPU
		{F1DA391F-8D0C-49BF-8D6F-9A05B53C2DC8}.Release|x86.Build.0 = Release|Any CPU
	EndGlobalSection
	GlobalSection(SolutionProperties) = preSolution
		HideSolutionNode = FALSE
	EndGlobalSection
	GlobalSection(ExtensibilityGlobals) = postSolution
		SolutionGuid = {90412D8B-80B4-4F8A-B84C-57038FAF962F}
	EndGlobalSection
EndGlobal
